
Microsoft Visual Studio Solution File, Format Version 12.00
# Visual Studio Version 17
VisualStudioVersion = 17.5.002.0
MinimumVisualStudioVersion = 10.0.40219.1
Project("{FAE04EC0-301F-11D3-BF4B-00C04F79EFBC}") = "blazor10.Logic", "blazor10.Logic\blazor10.Logic.csproj", "{F24C396A-C66C-4B82-A86F-E07E03CE2E24}"
EndProject
Project("{FAE04EC0-301F-11D3-BF4B-00C04F79EFBC}") = "blazor10", "blazor10.Web\blazor10.csproj", "{5310B604-0393-4490-90F1-EA589C5321F3}"
EndProject
Global
	GlobalSection(SolutionConfigurationPlatforms) = preSolution
		Debug|Any CPU = Debug|Any CPU
		Release|Any CPU = Release|Any CPU
	EndGlobalSection
	GlobalSection(ProjectConfigurationPlatforms) = postSolution
		{F24C396A-C66C-4B82-A86F-E07E03CE2E24}.Debug|Any CPU.ActiveCfg = Debug|Any CPU
		{F24C396A-C66C-4B82-A86F-E07E03CE2E24}.Debug|Any CPU.Build.0 = Debug|Any CPU
		{F24C396A-C66C-4B82-A86F-E07E03CE2E24}.Release|Any CPU.ActiveCfg = Release|Any CPU
		{F24C396A-C66C-4B82-A86F-E07E03CE2E24}.Release|Any CPU.Build.0 = Release|Any CPU
		{5310B604-0393-4490-90F1-EA589C5321F3}.Debug|Any CPU.ActiveCfg = Debug|Any CPU
		{5310B604-0393-4490-90F1-EA589C5321F3}.Debug|Any CPU.Build.0 = Debug|Any CPU
		{5310B604-0393-4490-90F1-EA589C5321F3}.Release|Any CPU.ActiveCfg = Release|Any CPU
		{5310B604-0393-4490-90F1-EA589C5321F3}.Release|Any CPU.Build.0 = Release|Any CPU
	EndGlobalSection
	GlobalSection(SolutionProperties) = preSolution
		HideSolutionNode = FALSE
	EndGlobalSection
	GlobalSection(ExtensibilityGlobals) = postSolution
		SolutionGuid = {3636ECDC-3F99-430D-9A96-70634BD08411}
	EndGlobalSection
EndGlobal
