
Microsoft Visual Studio Solution File, Format Version 12.00
# Visual Studio Version 17
VisualStudioVersion = 17.5.2.0
MinimumVisualStudioVersion = 10.0.40219.1
Project("{FAE04EC0-301F-11D3-BF4B-00C04F79EFBC}") = "BlazorMover", "BlazorMover.csproj", "{4AE14F4D-B39F-454F-9201-34BEA5134285}"
EndProject
Global
	GlobalSection(SolutionConfigurationPlatforms) = preSolution
		Debug|Any CPU = Debug|Any CPU
		Debug|x64 = Debug|x64
		Debug|x86 = Debug|x86
		Release|Any CPU = Release|Any CPU
		Release|x64 = Release|x64
		Release|x86 = Release|x86
	EndGlobalSection
	GlobalSection(ProjectConfigurationPlatforms) = postSolution
		{4AE14F4D-B39F-454F-9201-34BEA5134285}.Debug|Any CPU.ActiveCfg = Debug|Any CPU
		{4AE14F4D-B39F-454F-9201-34BEA5134285}.Debug|Any CPU.Build.0 = Debug|Any CPU
		{4AE14F4D-B39F-454F-9201-34BEA5134285}.Debug|x64.ActiveCfg = Debug|Any CPU
		{4AE14F4D-B39F-454F-9201-34BEA5134285}.Debug|x64.Build.0 = Debug|Any CPU
		{4AE14F4D-B39F-454F-9201-34BEA5134285}.Debug|x86.ActiveCfg = Debug|Any CPU
		{4AE14F4D-B39F-454F-9201-34BEA5134285}.Debug|x86.Build.0 = Debug|Any CPU
		{4AE14F4D-B39F-454F-9201-34BEA5134285}.Release|Any CPU.ActiveCfg = Release|Any CPU
		{4AE14F4D-B39F-454F-9201-34BEA5134285}.Release|Any CPU.Build.0 = Release|Any CPU
		{4AE14F4D-B39F-454F-9201-34BEA5134285}.Release|x64.ActiveCfg = Release|Any CPU
		{4AE14F4D-B39F-454F-9201-34BEA5134285}.Release|x64.Build.0 = Release|Any CPU
		{4AE14F4D-B39F-454F-9201-34BEA5134285}.Release|x86.ActiveCfg = Release|Any CPU
		{4AE14F4D-B39F-454F-9201-34BEA5134285}.Release|x86.Build.0 = Release|Any CPU
	EndGlobalSection
	GlobalSection(SolutionProperties) = preSolution
		HideSolutionNode = FALSE
	EndGlobalSection
	GlobalSection(ExtensibilityGlobals) = postSolution
		SolutionGuid = {3636ECDC-3F99-430D-9A96-70634BD08411}
	EndGlobalSection
EndGlobal
